
Microsoft Visual Studio Solution File, Format Version 12.00
# Visual Studio Version 17
VisualStudioVersion = 17.4.33110.190
MinimumVisualStudioVersion = 10.0.40219.1
Project("{9A19103F-16F7-4668-BE54-9A1E7A4F7556}") = "StarFoxMapVisualizer", "StarFoxMapVisualizer\StarFoxMapVisualizer.csproj", "{F861F9C8-13FC-4C6B-A1F9-DAFACF99AC32}"
EndProject
Project("{9A19103F-16F7-4668-BE54-9A1E7A4F7556}") = "StarFox.Interop", "StarFox.Interop\StarFox.Interop.csproj", "{7561929D-6DB4-42AD-B7AB-2321C8513D4E}"
EndProject
Project("{9A19103F-16F7-4668-BE54-9A1E7A4F7556}") = "WPF.UI.Extensions", "..\ControlExtensions\WPF.UI.Extensions\WPF.UI.Extensions.csproj", "{251EAC4B-DE0D-4A95-8012-800DB08527BF}"
EndProject
Project("{9A19103F-16F7-4668-BE54-9A1E7A4F7556}") = "Starfox.Editor", "Starfox.Editor\Starfox.Editor.csproj", "{C600A465-2D4D-4FD8-8DAC-748CC7C5B254}"
EndProject
Project("{FAE04EC0-301F-11D3-BF4B-00C04F79EFBC}") = "WpfPanAndZoom", "PanCanvas\WpfPanAndZoom.csproj", "{175E04A4-F286-4462-AF44-02E94D232122}"
EndProject
Global
	GlobalSection(SolutionConfigurationPlatforms) = preSolution
		Debug|Any CPU = Debug|Any CPU
		Release|Any CPU = Release|Any CPU
	EndGlobalSection
	GlobalSection(ProjectConfigurationPlatforms) = postSolution
		{F861F9C8-13FC-4C6B-A1F9-DAFACF99AC32}.Debug|Any CPU.ActiveCfg = Debug|Any CPU
		{F861F9C8-13FC-4C6B-A1F9-DAFACF99AC32}.Debug|Any CPU.Build.0 = Debug|Any CPU
		{F861F9C8-13FC-4C6B-A1F9-DAFACF99AC32}.Release|Any CPU.ActiveCfg = Release|Any CPU
		{F861F9C8-13FC-4C6B-A1F9-DAFACF99AC32}.Release|Any CPU.Build.0 = Release|Any CPU
		{7561929D-6DB4-42AD-B7AB-2321C8513D4E}.Debug|Any CPU.ActiveCfg = Debug|Any CPU
		{7561929D-6DB4-42AD-B7AB-2321C8513D4E}.Debug|Any CPU.Build.0 = Debug|Any CPU
		{7561929D-6DB4-42AD-B7AB-2321C8513D4E}.Release|Any CPU.ActiveCfg = Release|Any CPU
		{7561929D-6DB4-42AD-B7AB-2321C8513D4E}.Release|Any CPU.Build.0 = Release|Any CPU
		{251EAC4B-DE0D-4A95-8012-800DB08527BF}.Debug|Any CPU.ActiveCfg = Debug|Any CPU
		{251EAC4B-DE0D-4A95-8012-800DB08527BF}.Debug|Any CPU.Build.0 = Debug|Any CPU
		{251EAC4B-DE0D-4A95-8012-800DB08527BF}.Release|Any CPU.ActiveCfg = Release|Any CPU
		{251EAC4B-DE0D-4A95-8012-800DB08527BF}.Release|Any CPU.Build.0 = Release|Any CPU
		{C600A465-2D4D-4FD8-8DAC-748CC7C5B254}.Debug|Any CPU.ActiveCfg = Debug|Any CPU
		{C600A465-2D4D-4FD8-8DAC-748CC7C5B254}.Debug|Any CPU.Build.0 = Debug|Any CPU
		{C600A465-2D4D-4FD8-8DAC-748CC7C5B254}.Release|Any CPU.ActiveCfg = Release|Any CPU
		{C600A465-2D4D-4FD8-8DAC-748CC7C5B254}.Release|Any CPU.Build.0 = Release|Any CPU
		{175E04A4-F286-4462-AF44-02E94D232122}.Debug|Any CPU.ActiveCfg = Debug|Any CPU
		{175E04A4-F286-4462-AF44-02E94D232122}.Debug|Any CPU.Build.0 = Debug|Any CPU
		{175E04A4-F286-4462-AF44-02E94D232122}.Release|Any CPU.ActiveCfg = Release|Any CPU
		{175E04A4-F286-4462-AF44-02E94D232122}.Release|Any CPU.Build.0 = Release|Any CPU
	EndGlobalSection
	GlobalSection(SolutionProperties) = preSolution
		HideSolutionNode = FALSE
	EndGlobalSection
	GlobalSection(ExtensibilityGlobals) = postSolution
		SolutionGuid = {1DC0E0F0-BC90-4228-A9AF-C391B81580F8}
	EndGlobalSection
EndGlobal
